
Microsoft Visual Studio Solution File, Format Version 12.00
# Visual Studio Version 17
VisualStudioVersion = 17.8.34316.72
MinimumVisualStudioVersion = 10.0.40219.1
Project("{2150E333-8FDC-42A3-9474-1A3956D46DE8}") = "BookinkService", "BookinkService", "{6B5375B2-51F8-44AD-8132-FD6D9D0A64F0}"
EndProject
Project("{2150E333-8FDC-42A3-9474-1A3956D46DE8}") = "PaymentService", "PaymentService", "{08307534-C2B5-4A4C-A374-678E011FA19E}"
EndProject
Project("{2150E333-8FDC-42A3-9474-1A3956D46DE8}") = "Core", "Core", "{FB669BE0-9E14-4687-B4EB-510E6E7F3C24}"
EndProject
Project("{2150E333-8FDC-42A3-9474-1A3956D46DE8}") = "Domain", "Domain", "{82418FBA-E6CE-4C76-91AC-9469D4A20629}"
EndProject
Project("{2150E333-8FDC-42A3-9474-1A3956D46DE8}") = "Application", "Application", "{680C0E32-B14C-497D-A605-D7CD2033A7C5}"
EndProject
Project("{2150E333-8FDC-42A3-9474-1A3956D46DE8}") = "Adapters", "Adapters", "{1B149781-D110-492D-BFD1-F7A747960428}"
EndProject
Project("{2150E333-8FDC-42A3-9474-1A3956D46DE8}") = "Consumers", "Consumers", "{3A58A093-9FBD-4227-BF7C-A8A49A520025}"
EndProject
Project("{2150E333-8FDC-42A3-9474-1A3956D46DE8}") = "Tests", "Tests", "{B3443068-25F4-438B-9617-26D6A060A2B6}"
EndProject
Project("{2150E333-8FDC-42A3-9474-1A3956D46DE8}") = "Adapters", "Adapters", "{2CE3DE19-109F-47D5-92FB-9C17AAB3152B}"
EndProject
Project("{2150E333-8FDC-42A3-9474-1A3956D46DE8}") = "Domain", "Domain", "{8D9A694A-D2BC-4B8E-B252-E4998BC11FF0}"
EndProject
Project("{2150E333-8FDC-42A3-9474-1A3956D46DE8}") = "Application", "Application", "{0A4D67AD-29A9-4A0D-B07C-126410EA8023}"
EndProject
Project("{9A19103F-16F7-4668-BE54-9A1E7A4F7556}") = "ApplicationTests", "BookingService\Tests\Application\ApplicationTests\ApplicationTests.csproj", "{A2F87572-B0CC-41D9-9C78-47F4F6943FDD}"
EndProject
Project("{9A19103F-16F7-4668-BE54-9A1E7A4F7556}") = "DomainTests", "BookingService\Tests\Domain\DomainTests\DomainTests.csproj", "{B1D87834-5D7E-486A-9E9B-179C4E1126C0}"
EndProject
Project("{9A19103F-16F7-4668-BE54-9A1E7A4F7556}") = "AdaptersTests", "BookingService\Tests\Adapters\AdaptersTests\AdaptersTests.csproj", "{DD22C2C3-5C70-4CF3-AC1F-75E1E4C69417}"
EndProject
Project("{9A19103F-16F7-4668-BE54-9A1E7A4F7556}") = "API", "BookingService\Consumers\API\API.csproj", "{FC9ED81F-11FD-45DE-8003-4B8FFD77C704}"
EndProject
Project("{9A19103F-16F7-4668-BE54-9A1E7A4F7556}") = "Data", "BookingService\Adapters\Data\Data.csproj", "{7D61092C-8BDE-4F54-B2A1-649143793D61}"
EndProject
Project("{9A19103F-16F7-4668-BE54-9A1E7A4F7556}") = "Application", "BookingService\Core\Application\Application\Application.csproj", "{2D4EA208-0363-4A27-940D-58F4CA852A74}"
EndProject
Project("{9A19103F-16F7-4668-BE54-9A1E7A4F7556}") = "Domain", "BookingService\Core\Domain\Domain\Domain.csproj", "{11CB0A1B-F368-4323-A0A7-3FC4D7F8EDFD}"
EndProject
Global
	GlobalSection(SolutionConfigurationPlatforms) = preSolution
		Debug|Any CPU = Debug|Any CPU
		Release|Any CPU = Release|Any CPU
	EndGlobalSection
	GlobalSection(ProjectConfigurationPlatforms) = postSolution
		{A2F87572-B0CC-41D9-9C78-47F4F6943FDD}.Debug|Any CPU.ActiveCfg = Debug|Any CPU
		{A2F87572-B0CC-41D9-9C78-47F4F6943FDD}.Debug|Any CPU.Build.0 = Debug|Any CPU
		{A2F87572-B0CC-41D9-9C78-47F4F6943FDD}.Release|Any CPU.ActiveCfg = Release|Any CPU
		{A2F87572-B0CC-41D9-9C78-47F4F6943FDD}.Release|Any CPU.Build.0 = Release|Any CPU
		{B1D87834-5D7E-486A-9E9B-179C4E1126C0}.Debug|Any CPU.ActiveCfg = Debug|Any CPU
		{B1D87834-5D7E-486A-9E9B-179C4E1126C0}.Debug|Any CPU.Build.0 = Debug|Any CPU
		{B1D87834-5D7E-486A-9E9B-179C4E1126C0}.Release|Any CPU.ActiveCfg = Release|Any CPU
		{B1D87834-5D7E-486A-9E9B-179C4E1126C0}.Release|Any CPU.Build.0 = Release|Any CPU
		{DD22C2C3-5C70-4CF3-AC1F-75E1E4C69417}.Debug|Any CPU.ActiveCfg = Debug|Any CPU
		{DD22C2C3-5C70-4CF3-AC1F-75E1E4C69417}.Debug|Any CPU.Build.0 = Debug|Any CPU
		{DD22C2C3-5C70-4CF3-AC1F-75E1E4C69417}.Release|Any CPU.ActiveCfg = Release|Any CPU
		{DD22C2C3-5C70-4CF3-AC1F-75E1E4C69417}.Release|Any CPU.Build.0 = Release|Any CPU
		{FC9ED81F-11FD-45DE-8003-4B8FFD77C704}.Debug|Any CPU.ActiveCfg = Debug|Any CPU
		{FC9ED81F-11FD-45DE-8003-4B8FFD77C704}.Debug|Any CPU.Build.0 = Debug|Any CPU
		{FC9ED81F-11FD-45DE-8003-4B8FFD77C704}.Release|Any CPU.ActiveCfg = Release|Any CPU
		{FC9ED81F-11FD-45DE-8003-4B8FFD77C704}.Release|Any CPU.Build.0 = Release|Any CPU
		{7D61092C-8BDE-4F54-B2A1-649143793D61}.Debug|Any CPU.ActiveCfg = Debug|Any CPU
		{7D61092C-8BDE-4F54-B2A1-649143793D61}.Debug|Any CPU.Build.0 = Debug|Any CPU
		{7D61092C-8BDE-4F54-B2A1-649143793D61}.Release|Any CPU.ActiveCfg = Release|Any CPU
		{7D61092C-8BDE-4F54-B2A1-649143793D61}.Release|Any CPU.Build.0 = Release|Any CPU
		{2D4EA208-0363-4A27-940D-58F4CA852A74}.Debug|Any CPU.ActiveCfg = Debug|Any CPU
		{2D4EA208-0363-4A27-940D-58F4CA852A74}.Debug|Any CPU.Build.0 = Debug|Any CPU
		{2D4EA208-0363-4A27-940D-58F4CA852A74}.Release|Any CPU.ActiveCfg = Release|Any CPU
		{2D4EA208-0363-4A27-940D-58F4CA852A74}.Release|Any CPU.Build.0 = Release|Any CPU
		{11CB0A1B-F368-4323-A0A7-3FC4D7F8EDFD}.Debug|Any CPU.ActiveCfg = Debug|Any CPU
		{11CB0A1B-F368-4323-A0A7-3FC4D7F8EDFD}.Debug|Any CPU.Build.0 = Debug|Any CPU
		{11CB0A1B-F368-4323-A0A7-3FC4D7F8EDFD}.Release|Any CPU.ActiveCfg = Release|Any CPU
		{11CB0A1B-F368-4323-A0A7-3FC4D7F8EDFD}.Release|Any CPU.Build.0 = Release|Any CPU
	EndGlobalSection
	GlobalSection(SolutionProperties) = preSolution
		HideSolutionNode = FALSE
	EndGlobalSection
	GlobalSection(NestedProjects) = preSolution
		{FB669BE0-9E14-4687-B4EB-510E6E7F3C24} = {6B5375B2-51F8-44AD-8132-FD6D9D0A64F0}
		{82418FBA-E6CE-4C76-91AC-9469D4A20629} = {FB669BE0-9E14-4687-B4EB-510E6E7F3C24}
		{680C0E32-B14C-497D-A605-D7CD2033A7C5} = {FB669BE0-9E14-4687-B4EB-510E6E7F3C24}
		{1B149781-D110-492D-BFD1-F7A747960428} = {6B5375B2-51F8-44AD-8132-FD6D9D0A64F0}
		{3A58A093-9FBD-4227-BF7C-A8A49A520025} = {6B5375B2-51F8-44AD-8132-FD6D9D0A64F0}
		{B3443068-25F4-438B-9617-26D6A060A2B6} = {6B5375B2-51F8-44AD-8132-FD6D9D0A64F0}
		{2CE3DE19-109F-47D5-92FB-9C17AAB3152B} = {B3443068-25F4-438B-9617-26D6A060A2B6}
		{8D9A694A-D2BC-4B8E-B252-E4998BC11FF0} = {B3443068-25F4-438B-9617-26D6A060A2B6}
		{0A4D67AD-29A9-4A0D-B07C-126410EA8023} = {B3443068-25F4-438B-9617-26D6A060A2B6}
		{A2F87572-B0CC-41D9-9C78-47F4F6943FDD} = {0A4D67AD-29A9-4A0D-B07C-126410EA8023}
		{B1D87834-5D7E-486A-9E9B-179C4E1126C0} = {8D9A694A-D2BC-4B8E-B252-E4998BC11FF0}
		{DD22C2C3-5C70-4CF3-AC1F-75E1E4C69417} = {2CE3DE19-109F-47D5-92FB-9C17AAB3152B}
		{FC9ED81F-11FD-45DE-8003-4B8FFD77C704} = {3A58A093-9FBD-4227-BF7C-A8A49A520025}
		{7D61092C-8BDE-4F54-B2A1-649143793D61} = {1B149781-D110-492D-BFD1-F7A747960428}
		{2D4EA208-0363-4A27-940D-58F4CA852A74} = {680C0E32-B14C-497D-A605-D7CD2033A7C5}
		{11CB0A1B-F368-4323-A0A7-3FC4D7F8EDFD} = {82418FBA-E6CE-4C76-91AC-9469D4A20629}
	EndGlobalSection
	GlobalSection(ExtensibilityGlobals) = postSolution
		SolutionGuid = {B02E9B75-0B70-4378-B710-0E5A43D1E77C}
	EndGlobalSection
EndGlobal
